# THIS IS AN AUTOGENERATED FILE. DO NOT EDIT THIS FILE DIRECTLY.
# yarn lockfile v1


"@algolia/cache-browser-local-storage@4.14.2":
  version "4.14.2"
  resolved "https://registry.yarnpkg.com/@algolia/cache-browser-local-storage/-/cache-browser-local-storage-4.14.2.tgz#d5b1b90130ca87c6321de876e167df9ec6524936"
  integrity sha512-FRweBkK/ywO+GKYfAWbrepewQsPTIEirhi1BdykX9mxvBPtGNKccYAxvGdDCumU1jL4r3cayio4psfzKMejBlA==
  dependencies:
    "@algolia/cache-common" "4.14.2"

"@algolia/cache-common@4.14.2":
  version "4.14.2"
  resolved "https://registry.yarnpkg.com/@algolia/cache-common/-/cache-common-4.14.2.tgz#b946b6103c922f0c06006fb6929163ed2c67d598"
  integrity sha512-SbvAlG9VqNanCErr44q6lEKD2qoK4XtFNx9Qn8FK26ePCI8I9yU7pYB+eM/cZdS9SzQCRJBbHUumVr4bsQ4uxg==

"@algolia/cache-in-memory@4.14.2":
  version "4.14.2"
  resolved "https://registry.yarnpkg.com/@algolia/cache-in-memory/-/cache-in-memory-4.14.2.tgz#88e4a21474f9ac05331c2fa3ceb929684a395a24"
  integrity sha512-HrOukWoop9XB/VFojPv1R5SVXowgI56T9pmezd/djh2JnVN/vXswhXV51RKy4nCpqxyHt/aGFSq2qkDvj6KiuQ==
  dependencies:
    "@algolia/cache-common" "4.14.2"

"@algolia/client-account@4.14.2":
  version "4.14.2"
  resolved "https://registry.yarnpkg.com/@algolia/client-account/-/client-account-4.14.2.tgz#b76ac1ba9ea71e8c3f77a1805b48350dc0728a16"
  integrity sha512-WHtriQqGyibbb/Rx71YY43T0cXqyelEU0lB2QMBRXvD2X0iyeGl4qMxocgEIcbHyK7uqE7hKgjT8aBrHqhgc1w==
  dependencies:
    "@algolia/client-common" "4.14.2"
    "@algolia/client-search" "4.14.2"
    "@algolia/transporter" "4.14.2"

"@algolia/client-analytics@4.14.2":
  version "4.14.2"
  resolved "https://registry.yarnpkg.com/@algolia/client-analytics/-/client-analytics-4.14.2.tgz#ca04dcaf9a78ee5c92c5cb5e9c74cf031eb2f1fb"
  integrity sha512-yBvBv2mw+HX5a+aeR0dkvUbFZsiC4FKSnfqk9rrfX+QrlNOKEhCG0tJzjiOggRW4EcNqRmaTULIYvIzQVL2KYQ==
  dependencies:
    "@algolia/client-common" "4.14.2"
    "@algolia/client-search" "4.14.2"
    "@algolia/requester-common" "4.14.2"
    "@algolia/transporter" "4.14.2"

"@algolia/client-common@4.14.2":
  version "4.14.2"
  resolved "https://registry.yarnpkg.com/@algolia/client-common/-/client-common-4.14.2.tgz#e1324e167ffa8af60f3e8bcd122110fd0bfd1300"
  integrity sha512-43o4fslNLcktgtDMVaT5XwlzsDPzlqvqesRi4MjQz2x4/Sxm7zYg5LRYFol1BIhG6EwxKvSUq8HcC/KxJu3J0Q==
  dependencies:
    "@algolia/requester-common" "4.14.2"
    "@algolia/transporter" "4.14.2"

"@algolia/client-personalization@4.14.2":
  version "4.14.2"
  resolved "https://registry.yarnpkg.com/@algolia/client-personalization/-/client-personalization-4.14.2.tgz#656bbb6157a3dd1a4be7de65e457fda136c404ec"
  integrity sha512-ACCoLi0cL8CBZ1W/2juehSltrw2iqsQBnfiu/Rbl9W2yE6o2ZUb97+sqN/jBqYNQBS+o0ekTMKNkQjHHAcEXNw==
  dependencies:
    "@algolia/client-common" "4.14.2"
    "@algolia/requester-common" "4.14.2"
    "@algolia/transporter" "4.14.2"

"@algolia/client-search@4.14.2":
  version "4.14.2"
  resolved "https://registry.yarnpkg.com/@algolia/client-search/-/client-search-4.14.2.tgz#357bdb7e640163f0e33bad231dfcc21f67dc2e92"
  integrity sha512-L5zScdOmcZ6NGiVbLKTvP02UbxZ0njd5Vq9nJAmPFtjffUSOGEp11BmD2oMJ5QvARgx2XbX4KzTTNS5ECYIMWw==
  dependencies:
    "@algolia/client-common" "4.14.2"
    "@algolia/requester-common" "4.14.2"
    "@algolia/transporter" "4.14.2"

"@algolia/events@^4.0.1":
  version "4.0.1"
  resolved "https://registry.yarnpkg.com/@algolia/events/-/events-4.0.1.tgz#fd39e7477e7bc703d7f893b556f676c032af3950"
  integrity sha512-FQzvOCgoFXAbf5Y6mYozw2aj5KCJoA3m4heImceldzPSMbdyS4atVjJzXKMsfX3wnZTFYwkkt8/z8UesLHlSBQ==

"@algolia/logger-common@4.14.2":
  version "4.14.2"
  resolved "https://registry.yarnpkg.com/@algolia/logger-common/-/logger-common-4.14.2.tgz#b74b3a92431f92665519d95942c246793ec390ee"
  integrity sha512-/JGlYvdV++IcMHBnVFsqEisTiOeEr6cUJtpjz8zc0A9c31JrtLm318Njc72p14Pnkw3A/5lHHh+QxpJ6WFTmsA==

"@algolia/logger-console@4.14.2":
  version "4.14.2"
  resolved "https://registry.yarnpkg.com/@algolia/logger-console/-/logger-console-4.14.2.tgz#ec49cb47408f5811d4792598683923a800abce7b"
  integrity sha512-8S2PlpdshbkwlLCSAB5f8c91xyc84VM9Ar9EdfE9UmX+NrKNYnWR1maXXVDQQoto07G1Ol/tYFnFVhUZq0xV/g==
  dependencies:
    "@algolia/logger-common" "4.14.2"

"@algolia/requester-browser-xhr@4.14.2":
  version "4.14.2"
  resolved "https://registry.yarnpkg.com/@algolia/requester-browser-xhr/-/requester-browser-xhr-4.14.2.tgz#a2cd4d9d8d90d53109cc7f3682dc6ebf20f798f2"
  integrity sha512-CEh//xYz/WfxHFh7pcMjQNWgpl4wFB85lUMRyVwaDPibNzQRVcV33YS+63fShFWc2+42YEipFGH2iPzlpszmDw==
  dependencies:
    "@algolia/requester-common" "4.14.2"

"@algolia/requester-common@4.14.2":
  version "4.14.2"
  resolved "https://registry.yarnpkg.com/@algolia/requester-common/-/requester-common-4.14.2.tgz#bc4e9e5ee16c953c0ecacbfb334a33c30c28b1a1"
  integrity sha512-73YQsBOKa5fvVV3My7iZHu1sUqmjjfs9TteFWwPwDmnad7T0VTCopttcsM3OjLxZFtBnX61Xxl2T2gmG2O4ehg==

"@algolia/requester-node-http@4.14.2":
  version "4.14.2"
  resolved "https://registry.yarnpkg.com/@algolia/requester-node-http/-/requester-node-http-4.14.2.tgz#7c1223a1785decaab1def64c83dade6bea45e115"
  integrity sha512-oDbb02kd1o5GTEld4pETlPZLY0e+gOSWjWMJHWTgDXbv9rm/o2cF7japO6Vj1ENnrqWvLBmW1OzV9g6FUFhFXg==
  dependencies:
    "@algolia/requester-common" "4.14.2"

"@algolia/transporter@4.14.2":
  version "4.14.2"
  resolved "https://registry.yarnpkg.com/@algolia/transporter/-/transporter-4.14.2.tgz#77c069047fb1a4359ee6a51f51829508e44a1e3d"
  integrity sha512-t89dfQb2T9MFQHidjHcfhh6iGMNwvuKUvojAj+JsrHAGbuSy7yE4BylhLX6R0Q1xYRoC4Vvv+O5qIw/LdnQfsQ==
  dependencies:
    "@algolia/cache-common" "4.14.2"
    "@algolia/logger-common" "4.14.2"
    "@algolia/requester-common" "4.14.2"

"@babel/runtime@^7.1.2":
  version "7.11.2"
  resolved "https://registry.yarnpkg.com/@babel/runtime/-/runtime-7.11.2.tgz#f549c13c754cc40b87644b9fa9f09a6a95fe0736"
  integrity sha512-TeWkU52so0mPtDcaCTxNBI/IHiz0pZgr8VEFqXFtZWpYD08ZB6FaSwVAS8MKRQAP3bYKiVjwysOJgMFY28o6Tw==
  dependencies:
    regenerator-runtime "^0.13.4"

"@next/env@13.0.4":
  version "13.0.4"
  resolved "https://registry.yarnpkg.com/@next/env/-/env-13.0.4.tgz#249a21be88fa61e1a712939db00b9d02764831f4"
  integrity sha512-N5Z3bdxBzoxrC5bwykDFITzdWuwDteOdZ+7nxixY+I1XpRX8/iQYbw2wuXMdqdfBGm2NNUpAqg8YF2e4oAC2UQ==

"@next/swc-android-arm-eabi@13.0.4":
  version "13.0.4"
  resolved "https://registry.yarnpkg.com/@next/swc-android-arm-eabi/-/swc-android-arm-eabi-13.0.4.tgz#684fe26ff2a05b9dd8c4fb84bc87ba807e3bddc0"
  integrity sha512-SD9H+/zuV3L0oHIhsDdFkDqFtg6pIHtqRUPlsrNdOsmWXgMlSzxBmwt2ta4kyrazS62BQu7XRUG++ZyODS7AWg==

"@next/swc-android-arm64@13.0.4":
  version "13.0.4"
  resolved "https://registry.yarnpkg.com/@next/swc-android-arm64/-/swc-android-arm64-13.0.4.tgz#6bc985b78978fc42eaf723bbd21d3b27f673a1fe"
  integrity sha512-F8W5WcBbdn/zBoy32/mQiefs9DNsT12CTSSVCsO8GvQR7GjJU+uduQ4drKcSDoDLuAFULc2jDN06Circq4vuQg==

"@next/swc-darwin-arm64@13.0.4":
  version "13.0.4"
  resolved "https://registry.yarnpkg.com/@next/swc-darwin-arm64/-/swc-darwin-arm64-13.0.4.tgz#2a471486bd0d5737104f62807b23cb9743e3cb08"
  integrity sha512-/lajev+9GSie+rRTl5z8skW9RJwZ+TwMKLzzM24TbDk8lUjqPTyJZ/cU0NDj8J7VQAZ6EehACSh9rcJeBRtLuA==

"@next/swc-darwin-x64@13.0.4":
  version "13.0.4"
  resolved "https://registry.yarnpkg.com/@next/swc-darwin-x64/-/swc-darwin-x64-13.0.4.tgz#f921ea5d09df6bb4fcace3639b9a2e4587212c0e"
  integrity sha512-HK4b2rFiju8d40GTL/jH9U6OQ7BYA2MeEHs7Dm7Rp7kwQtLzP3z6osdQS8er20tIFHDE4b+oVBy03ZUQkHf0Pg==

"@next/swc-freebsd-x64@13.0.4":
  version "13.0.4"
  resolved "https://registry.yarnpkg.com/@next/swc-freebsd-x64/-/swc-freebsd-x64-13.0.4.tgz#04f04f83aaa287fc8c429f688b431c39ce05ede3"
  integrity sha512-xBvIGLaGzZtgJfRRJ2DBN82DQCJ/O7jkXyBp8X/vHefPWyVXVqF6C68Rv8ADp11thPpf8WpjkvDDLb9AuWHQUA==

"@next/swc-linux-arm-gnueabihf@13.0.4":
  version "13.0.4"
  resolved "https://registry.yarnpkg.com/@next/swc-linux-arm-gnueabihf/-/swc-linux-arm-gnueabihf-13.0.4.tgz#45b9f02bf722d212611819fe847fb58355c1dd4b"
  integrity sha512-s13pxNp9deKmmxEGTp1MoL1e4nf4wbEymEaHgFxUlhoR1OD9tK8oTNrQphQePJgVjzcWmRGH/dX7O9mVkHbU/g==

"@next/swc-linux-arm64-gnu@13.0.4":
  version "13.0.4"
  resolved "https://registry.yarnpkg.com/@next/swc-linux-arm64-gnu/-/swc-linux-arm64-gnu-13.0.4.tgz#940c756543264a098ecfae1aa92129a5ff5540dd"
  integrity sha512-Lklo65usNzoYwjX51CpDKOepWVZBdwO49/Jz3djxiYUr2lRtpDVnlfwCvzN+47j3BMVMWtC2ndIi8Q4s3J0v4g==

"@next/swc-linux-arm64-musl@13.0.4":
  version "13.0.4"
  resolved "https://registry.yarnpkg.com/@next/swc-linux-arm64-musl/-/swc-linux-arm64-musl-13.0.4.tgz#1a0c16a648973475214786472cafe4e03f2a07a7"
  integrity sha512-+3BXtXBwjVhd5lahDe5nKZ7EwD6hE/oLFQkITCvgxymU5qYHGlLFyF52/lyw8qhyxoCr7mMVsUFhlCzVwCfNjg==

"@next/swc-linux-x64-gnu@13.0.4":
  version "13.0.4"
  resolved "https://registry.yarnpkg.com/@next/swc-linux-x64-gnu/-/swc-linux-x64-gnu-13.0.4.tgz#5d6a92ebfb2226bd4c34be8edfc132283fd4b055"
  integrity sha512-QB8qoZrvHhZsz62nUrTKlp5IiZ8I7KZsaa6437H/W/NOZHLGJjCxROnhUjLvKVe/T5P86pjya2SUOUqWAjz4Pg==

"@next/swc-linux-x64-musl@13.0.4":
  version "13.0.4"
  resolved "https://registry.yarnpkg.com/@next/swc-linux-x64-musl/-/swc-linux-x64-musl-13.0.4.tgz#060797dc921c4af73521fde2a4198855f9e3bb34"
  integrity sha512-WaahF6DYUQRg1QqIMcuOu2ZsFhS3aC5iWeQyeptMHklP9wb4FfTNmBArKHknX/GXD8P9gI38WTAHJ25cc0zVwg==

"@next/swc-win32-arm64-msvc@13.0.4":
  version "13.0.4"
  resolved "https://registry.yarnpkg.com/@next/swc-win32-arm64-msvc/-/swc-win32-arm64-msvc-13.0.4.tgz#27629e72200cd479ad5231ae79e95291c476771d"
  integrity sha512-FD+k1j2jeY0aKcqcpzFKfTsv55PPmIZ5GKDyPjjV5AO6XvQ4nALwWl4JwizjH2426TfLXObb+C3MH0bl9Ok1Kw==

"@next/swc-win32-ia32-msvc@13.0.4":
  version "13.0.4"
  resolved "https://registry.yarnpkg.com/@next/swc-win32-ia32-msvc/-/swc-win32-ia32-msvc-13.0.4.tgz#d7c89406b2a484f448c7b5af667b5eb537483695"
  integrity sha512-+Q/Q8Ydvz3X3U84CyZdNv1HC7fE43k+xB8C6b3IFmWGa5Tu2tfskQ2FsUNBrYreZjhFC/894J3rVQ6Vj6Auugg==

"@next/swc-win32-x64-msvc@13.0.4":
  version "13.0.4"
  resolved "https://registry.yarnpkg.com/@next/swc-win32-x64-msvc/-/swc-win32-x64-msvc-13.0.4.tgz#2c3ede793e90d632e1dbdb0e4851f6f32132fba8"
  integrity sha512-vXtbo9N1FdtZZRcv4BliU28tTYrkb1EnVpUiiFFe88I6kS9aZVTMY9Z/OtDR52rl1JF1hgs9sL/59D/TQqSATQ==

"@swc/helpers@0.4.11":
  version "0.4.11"
  resolved "https://registry.yarnpkg.com/@swc/helpers/-/helpers-0.4.11.tgz#db23a376761b3d31c26502122f349a21b592c8de"
  integrity sha512-rEUrBSGIoSFuYxwBYtlUFMlE2CwGhmW+w9355/5oduSw8e5h2+Tj4UrAGNNgP9915++wj5vkQo0UuOBqOAq4nw==
  dependencies:
    tslib "^2.4.0"

algoliasearch-helper@^3.11.1:
  version "3.11.1"
  resolved "https://registry.yarnpkg.com/algoliasearch-helper/-/algoliasearch-helper-3.11.1.tgz#d83ab7f1a2a374440686ef7a144b3c288b01188a"
  integrity sha512-mvsPN3eK4E0bZG0/WlWJjeqe/bUD2KOEVOl0GyL/TGXn6wcpZU8NOuztGHCUKXkyg5gq6YzUakVTmnmSSO5Yiw==
  dependencies:
    "@algolia/events" "^4.0.1"

algoliasearch@4.14.2:
  version "4.14.2"
  resolved "https://registry.yarnpkg.com/algoliasearch/-/algoliasearch-4.14.2.tgz#63f142583bfc3a9bd3cd4a1b098bf6fe58e56f6c"
  integrity sha512-ngbEQonGEmf8dyEh5f+uOIihv4176dgbuOZspiuhmTTBRBuzWu3KCGHre6uHj5YyuC7pNvQGzB6ZNJyZi0z+Sg==
  dependencies:
    "@algolia/cache-browser-local-storage" "4.14.2"
    "@algolia/cache-common" "4.14.2"
    "@algolia/cache-in-memory" "4.14.2"
    "@algolia/client-account" "4.14.2"
    "@algolia/client-analytics" "4.14.2"
    "@algolia/client-common" "4.14.2"
    "@algolia/client-personalization" "4.14.2"
    "@algolia/client-search" "4.14.2"
    "@algolia/logger-common" "4.14.2"
    "@algolia/logger-console" "4.14.2"
    "@algolia/requester-browser-xhr" "4.14.2"
    "@algolia/requester-common" "4.14.2"
    "@algolia/requester-node-http" "4.14.2"
    "@algolia/transporter" "4.14.2"

caniuse-lite@^1.0.30001406:
  version "1.0.30001431"
  resolved "https://registry.yarnpkg.com/caniuse-lite/-/caniuse-lite-1.0.30001431.tgz#e7c59bd1bc518fae03a4656be442ce6c4887a795"
  integrity sha512-zBUoFU0ZcxpvSt9IU66dXVT/3ctO1cy4y9cscs1szkPlcWb6pasYM144GqrUygUbT+k7cmUCW61cvskjcv0enQ==

classnames@^2.2.5:
  version "2.2.6"
  resolved "https://registry.yarnpkg.com/classnames/-/classnames-2.2.6.tgz#43935bffdd291f326dad0a205309b38d00f650ce"
  integrity sha512-JR/iSQOSt+LQIWwrwEzJ9uk0xfN3mTVYMwt1Ir5mUcSN6pU+V4zQFFaJsclJbPuAUQH+yfWef6tm7l1quW3C8Q==

client-only@0.0.1:
  version "0.0.1"
  resolved "https://registry.yarnpkg.com/client-only/-/client-only-0.0.1.tgz#38bba5d403c41ab150bff64a95c85013cf73bca1"
  integrity sha512-IV3Ou0jSMzZrd3pZ48nLkT9DA7Ag1pnPzaiQhpW7c3RbcqqzvzzVu+L8gfqMp/8IM2MQtSiqaCxrrcfu8I8rMA==

"js-tokens@^3.0.0 || ^4.0.0":
  version "4.0.0"
  resolved "https://registry.yarnpkg.com/js-tokens/-/js-tokens-4.0.0.tgz#19203fb59991df98e3a287050d4647cdeaf32499"
  integrity sha512-RdJUflcE3cUzKiMqQgsCu06FPu9UdIJO0beYbPhHN4k6apgJtifcoCtT9bcxOpYBtpD2kCM6Sbzg4CausW/PKQ==

loose-envify@^1.1.0, loose-envify@^1.4.0:
  version "1.4.0"
  resolved "https://registry.yarnpkg.com/loose-envify/-/loose-envify-1.4.0.tgz#71ee51fa7be4caec1a63839f7e682d8132d30caf"
  integrity sha512-lyuxPGr/Wfhrlem2CL/UcnUc1zcqKAImBDzukY7Y5F/yQiNdko6+fRLevlw1HgMySw7f611UIY408EtxRSoK3Q==
  dependencies:
    js-tokens "^3.0.0 || ^4.0.0"

nanoid@^3.3.4:
  version "3.3.4"
  resolved "https://registry.yarnpkg.com/nanoid/-/nanoid-3.3.4.tgz#730b67e3cd09e2deacf03c027c81c9d9dbc5e8ab"
  integrity sha512-MqBkQh/OHTS2egovRtLk45wEyNXwF+cokD+1YPf9u5VfJiRdAiRwB2froX5Co9Rh20xs4siNPm8naNotSD6RBw==

next@13.0.4:
  version "13.0.4"
  resolved "https://registry.yarnpkg.com/next/-/next-13.0.4.tgz#52fc9d72df4642ed28e66f42f85137a624a98062"
  integrity sha512-4P0MvbjPCI1E/UPL1GrTXtYlgFnbBbY3JQ+AMY8jYE2SwyvCWctEJySoRjveznAHjrl6TIjuAJeB8u1c2StYUQ==
  dependencies:
    "@next/env" "13.0.4"
    "@swc/helpers" "0.4.11"
    caniuse-lite "^1.0.30001406"
    postcss "8.4.14"
    styled-jsx "5.1.0"
    use-sync-external-store "1.2.0"
  optionalDependencies:
    "@next/swc-android-arm-eabi" "13.0.4"
    "@next/swc-android-arm64" "13.0.4"
    "@next/swc-darwin-arm64" "13.0.4"
    "@next/swc-darwin-x64" "13.0.4"
    "@next/swc-freebsd-x64" "13.0.4"
    "@next/swc-linux-arm-gnueabihf" "13.0.4"
    "@next/swc-linux-arm64-gnu" "13.0.4"
    "@next/swc-linux-arm64-musl" "13.0.4"
    "@next/swc-linux-x64-gnu" "13.0.4"
    "@next/swc-linux-x64-musl" "13.0.4"
    "@next/swc-win32-arm64-msvc" "13.0.4"
    "@next/swc-win32-ia32-msvc" "13.0.4"
    "@next/swc-win32-x64-msvc" "13.0.4"

object-assign@^4.1.1:
  version "4.1.1"
  resolved "https://registry.yarnpkg.com/object-assign/-/object-assign-4.1.1.tgz#2109adc7965887cfc05cbbd442cac8bfbb360863"
  integrity sha1-IQmtx5ZYh8/AXLvUQsrIv7s2CGM=

picocolors@^1.0.0:
  version "1.0.0"
  resolved "https://registry.yarnpkg.com/picocolors/-/picocolors-1.0.0.tgz#cb5bdc74ff3f51892236eaf79d68bc44564ab81c"
  integrity sha512-1fygroTLlHu66zi26VoTDv8yRgm0Fccecssto+MhsZ0D/DGW2sm8E8AjW7NU5VVTRt5GxbeZ5qBuJr+HyLYkjQ==

postcss@8.4.14:
  version "8.4.14"
  resolved "https://registry.yarnpkg.com/postcss/-/postcss-8.4.14.tgz#ee9274d5622b4858c1007a74d76e42e56fd21caf"
  integrity sha512-E398TUmfAYFPBSdzgeieK2Y1+1cpdxJx8yXbK/m57nRhKSmk1GB2tO4lbLBtlkfPQTDKfe4Xqv1ASWPpayPEig==
  dependencies:
    nanoid "^3.3.4"
    picocolors "^1.0.0"
    source-map-js "^1.0.2"

prop-types@^15.6.2:
  version "15.7.2"
  resolved "https://registry.yarnpkg.com/prop-types/-/prop-types-15.7.2.tgz#52c41e75b8c87e72b9d9360e0206b99dcbffa6c5"
  integrity sha512-8QQikdH7//R2vurIJSutZ1smHYTcLpRWEOlHnzcWHmBYrOGUysKwSsrC89BCiFj3CbrfJ/nXFdJepOVrY1GCHQ==
  dependencies:
    loose-envify "^1.4.0"
    object-assign "^4.1.1"
    react-is "^16.8.1"

react-dom@18.2.0:
  version "18.2.0"
  resolved "https://registry.yarnpkg.com/react-dom/-/react-dom-18.2.0.tgz#22aaf38708db2674ed9ada224ca4aa708d821e3d"
  integrity sha512-6IMTriUmvsjHUjNtEDudZfuDQUoWXVxKHhlEGSk81n4YFS+r/Kl99wXiwlVXtPBtJenozv2P+hxDsw9eA7Xo6g==
  dependencies:
    loose-envify "^1.1.0"
    scheduler "^0.23.0"

react-fast-compare@^3.0.0:
  version "3.2.0"
  resolved "https://registry.yarnpkg.com/react-fast-compare/-/react-fast-compare-3.2.0.tgz#641a9da81b6a6320f270e89724fb45a0b39e43bb"
  integrity sha512-rtGImPZ0YyLrscKI9xTpV8psd6I8VAtjKCzQDlzyDvqJA8XOW78TXYQwNRNd8g8JZnDu8q9Fu/1v4HPAVwVdHA==

react-instantsearch-core@6.38.1:
  version "6.38.1"
  resolved "https://registry.yarnpkg.com/react-instantsearch-core/-/react-instantsearch-core-6.38.1.tgz#74a123c81537c1f0ed51f34d36248795f14d30f9"
  integrity sha512-14gy/jsakJELVeMEO+QmsHcugIyaU1pRyyuQjuXuBvF+TMHiWUjfYw7de3Lc4oYcTYIeSllYIxLHxdUoxLWZaA==
  dependencies:
    "@babel/runtime" "^7.1.2"
    algoliasearch-helper "^3.11.1"
    prop-types "^15.6.2"
    react-fast-compare "^3.0.0"

react-instantsearch-dom@6.38.1:
  version "6.38.1"
  resolved "https://registry.yarnpkg.com/react-instantsearch-dom/-/react-instantsearch-dom-6.38.1.tgz#caf29a3a5ced3a3db184aae6ec485ee145ea0de5"
  integrity sha512-Wyzm4JW8O79zwsaWqOBdKbg69O7OcUDiF+p+/LW7zdRZ3RK4mO/q5CZDcziwDbNKqC4OEuG+IpIZuCjcJQrFcQ==
  dependencies:
    "@babel/runtime" "^7.1.2"
    algoliasearch-helper "^3.11.1"
    classnames "^2.2.5"
    prop-types "^15.6.2"
    react-fast-compare "^3.0.0"
    react-instantsearch-core "6.38.1"

react-is@^16.8.1:
  version "16.13.1"
  resolved "https://registry.yarnpkg.com/react-is/-/react-is-16.13.1.tgz#789729a4dc36de2999dc156dd6c1d9c18cea56a4"
  integrity sha512-24e6ynE2H+OKt4kqsOvNd8kBpV65zoxbA4BVsEOB3ARVWQki/DHzaUoC5KuON/BiccDaCCTZBuOcfZs70kR8bQ==

react@18.2.0:
  version "18.2.0"
  resolved "https://registry.yarnpkg.com/react/-/react-18.2.0.tgz#555bd98592883255fa00de14f1151a917b5d77d5"
  integrity sha512-/3IjMdb2L9QbBdWiW5e3P2/npwMBaU9mHCSCUzNln0ZCYbcfTsGbTJrU/kGemdH2IWmB2ioZ+zkxtmq6g09fGQ==
  dependencies:
    loose-envify "^1.1.0"

regenerator-runtime@^0.13.4:
  version "0.13.7"
  resolved "https://registry.yarnpkg.com/regenerator-runtime/-/regenerator-runtime-0.13.7.tgz#cac2dacc8a1ea675feaabaeb8ae833898ae46f55"
  integrity sha512-a54FxoJDIr27pgf7IgeQGxmqUNYrcV338lf/6gH456HZ/PhX+5BcwHXG9ajESmwe6WRO0tAzRUrRmNONWgkrew==

scheduler@^0.23.0:
  version "0.23.0"
  resolved "https://registry.yarnpkg.com/scheduler/-/scheduler-0.23.0.tgz#ba8041afc3d30eb206a487b6b384002e4e61fdfe"
  integrity sha512-CtuThmgHNg7zIZWAXi3AsyIzA3n4xx7aNyjwC2VJldO2LMVDhFK+63xGqq6CsJH4rTAt6/M+N4GhZiDYPx9eUw==
  dependencies:
    loose-envify "^1.1.0"

source-map-js@^1.0.2:
  version "1.0.2"
  resolved "https://registry.yarnpkg.com/source-map-js/-/source-map-js-1.0.2.tgz#adbc361d9c62df380125e7f161f71c826f1e490c"
  integrity sha512-R0XvVJ9WusLiqTCEiGCmICCMplcCkIwwR11mOSD9CR5u+IXYdiseeEuXCVAjS54zqwkLcPNnmU4OeJ6tUrWhDw==

styled-jsx@5.1.0:
  version "5.1.0"
  resolved "https://registry.yarnpkg.com/styled-jsx/-/styled-jsx-5.1.0.tgz#4a5622ab9714bd3fcfaeec292aa555871f057563"
  integrity sha512-/iHaRJt9U7T+5tp6TRelLnqBqiaIT0HsO0+vgyj8hK2KUk7aejFqRrumqPUlAqDwAj8IbS/1hk3IhBAAK/FCUQ==
  dependencies:
    client-only "0.0.1"

tslib@^2.4.0:
  version "2.4.1"
  resolved "https://registry.yarnpkg.com/tslib/-/tslib-2.4.1.tgz#0d0bfbaac2880b91e22df0768e55be9753a5b17e"
  integrity sha512-tGyy4dAjRIEwI7BzsB0lynWgOpfqjUdq91XXAlIWD2OwKBH7oCl/GZG/HT4BOHrTlPMOASlMQ7veyTqpmRcrNA==

use-sync-external-store@1.2.0:
  version "1.2.0"
  resolved "https://registry.yarnpkg.com/use-sync-external-store/-/use-sync-external-store-1.2.0.tgz#7dbefd6ef3fe4e767a0cf5d7287aacfb5846928a"
  integrity sha512-eEgnFxGQ1Ife9bzYs6VLi8/4X6CObHMw9Qr9tPY43iKwsPw8xE8+EFsf/2cFZ5S3esXgpWgtSCtLNS41F+sKPA==
